// !$*UTF8*$!
{
	archiveVersion = 1;
	classes = {
	};
	objectVersion = 50;
	objects = {

/* Begin PBXBuildFile section */
		C5087D9521A871A70023009C /* NetworkController.cpp in Sources */ = {isa = PBXBuildFile; fileRef = C5087D9321A871A70023009C /* NetworkController.cpp */; };
		C555896A21A34D7C00FCF676 /* main.cpp in Sources */ = {isa = PBXBuildFile; fileRef = C555896921A34D7C00FCF676 /* main.cpp */; };
		C555897621A3D1B300FCF676 /* Network.cpp in Sources */ = {isa = PBXBuildFile; fileRef = C555897421A3D1B300FCF676 /* Network.cpp */; };
		C555899821A5AE0600FCF676 /* BaseModule.cpp in Sources */ = {isa = PBXBuildFile; fileRef = C555899621A5AE0600FCF676 /* BaseModule.cpp */; };
		C555899B21A5AEBE00FCF676 /* NoopModule.cpp in Sources */ = {isa = PBXBuildFile; fileRef = C555899921A5AEBE00FCF676 /* NoopModule.cpp */; };
		C555899E21A5AECB00FCF676 /* EchoModule.cpp in Sources */ = {isa = PBXBuildFile; fileRef = C555899C21A5AECB00FCF676 /* EchoModule.cpp */; };
		C55589A121A5AEEE00FCF676 /* DelayModule.cpp in Sources */ = {isa = PBXBuildFile; fileRef = C555899F21A5AEEE00FCF676 /* DelayModule.cpp */; };
		C55589A421A5AF2B00FCF676 /* ReverseModule.cpp in Sources */ = {isa = PBXBuildFile; fileRef = C55589A221A5AF2B00FCF676 /* ReverseModule.cpp */; };
		C55589A721A5AF4100FCF676 /* ModuleFactory.cpp in Sources */ = {isa = PBXBuildFile; fileRef = C55589A521A5AF4100FCF676 /* ModuleFactory.cpp */; };
		C5B4765621B3268E0064F80A /* test_modules.cpp in Sources */ = {isa = PBXBuildFile; fileRef = C5B4765521B3268E0064F80A /* test_modules.cpp */; };
/* End PBXBuildFile section */

/* Begin PBXCopyFilesBuildPhase section */
		C555896421A34D7C00FCF676 /* CopyFiles */ = {
			isa = PBXCopyFilesBuildPhase;
			buildActionMask = 2147483647;
			dstPath = /usr/share/man/man1/;
			dstSubfolderSpec = 0;
			files = (
			);
			runOnlyForDeploymentPostprocessing = 1;
		};
/* End PBXCopyFilesBuildPhase section */

/* Begin PBXFileReference section */
		C5087D9221A5CED50023009C /* catch.hpp */ = {isa = PBXFileReference; fileEncoding = 4; lastKnownFileType = sourcecode.cpp.h; path = catch.hpp; sourceTree = "<group>"; };
		C5087D9321A871A70023009C /* NetworkController.cpp */ = {isa = PBXFileReference; lastKnownFileType = sourcecode.cpp.cpp; path = NetworkController.cpp; sourceTree = "<group>"; };
		C5087D9421A871A70023009C /* NetworkController.hpp */ = {isa = PBXFileReference; lastKnownFileType = sourcecode.cpp.h; path = NetworkController.hpp; sourceTree = "<group>"; };
		C555896621A34D7C00FCF676 /* AbletonTestModularMadness */ = {isa = PBXFileReference; explicitFileType = "compiled.mach-o.executable"; includeInIndex = 0; path = AbletonTestModularMadness; sourceTree = BUILT_PRODUCTS_DIR; };
		C555896921A34D7C00FCF676 /* main.cpp */ = {isa = PBXFileReference; lastKnownFileType = sourcecode.cpp.cpp; path = main.cpp; sourceTree = "<group>"; };
		C555897421A3D1B300FCF676 /* Network.cpp */ = {isa = PBXFileReference; lastKnownFileType = sourcecode.cpp.cpp; path = Network.cpp; sourceTree = "<group>"; };
		C555897521A3D1B300FCF676 /* Network.hpp */ = {isa = PBXFileReference; lastKnownFileType = sourcecode.cpp.h; path = Network.hpp; sourceTree = "<group>"; };
		C555899621A5AE0600FCF676 /* BaseModule.cpp */ = {isa = PBXFileReference; lastKnownFileType = sourcecode.cpp.cpp; path = BaseModule.cpp; sourceTree = "<group>"; };
		C555899721A5AE0600FCF676 /* BaseModule.hpp */ = {isa = PBXFileReference; lastKnownFileType = sourcecode.cpp.h; path = BaseModule.hpp; sourceTree = "<group>"; };
		C555899921A5AEBE00FCF676 /* NoopModule.cpp */ = {isa = PBXFileReference; lastKnownFileType = sourcecode.cpp.cpp; path = NoopModule.cpp; sourceTree = "<group>"; };
		C555899A21A5AEBE00FCF676 /* NoopModule.hpp */ = {isa = PBXFileReference; lastKnownFileType = sourcecode.cpp.h; path = NoopModule.hpp; sourceTree = "<group>"; };
		C555899C21A5AECB00FCF676 /* EchoModule.cpp */ = {isa = PBXFileReference; lastKnownFileType = sourcecode.cpp.cpp; path = EchoModule.cpp; sourceTree = "<group>"; };
		C555899D21A5AECB00FCF676 /* EchoModule.hpp */ = {isa = PBXFileReference; lastKnownFileType = sourcecode.cpp.h; path = EchoModule.hpp; sourceTree = "<group>"; };
		C555899F21A5AEEE00FCF676 /* DelayModule.cpp */ = {isa = PBXFileReference; lastKnownFileType = sourcecode.cpp.cpp; path = DelayModule.cpp; sourceTree = "<group>"; };
		C55589A021A5AEEE00FCF676 /* DelayModule.hpp */ = {isa = PBXFileReference; lastKnownFileType = sourcecode.cpp.h; path = DelayModule.hpp; sourceTree = "<group>"; };
		C55589A221A5AF2B00FCF676 /* ReverseModule.cpp */ = {isa = PBXFileReference; lastKnownFileType = sourcecode.cpp.cpp; path = ReverseModule.cpp; sourceTree = "<group>"; };
		C55589A321A5AF2B00FCF676 /* ReverseModule.hpp */ = {isa = PBXFileReference; lastKnownFileType = sourcecode.cpp.h; path = ReverseModule.hpp; sourceTree = "<group>"; };
		C55589A521A5AF4100FCF676 /* ModuleFactory.cpp */ = {isa = PBXFileReference; lastKnownFileType = sourcecode.cpp.cpp; path = ModuleFactory.cpp; sourceTree = "<group>"; };
		C55589A621A5AF4100FCF676 /* ModuleFactory.hpp */ = {isa = PBXFileReference; lastKnownFileType = sourcecode.cpp.h; path = ModuleFactory.hpp; sourceTree = "<group>"; };
		C5B4765521B3268E0064F80A /* test_modules.cpp */ = {isa = PBXFileReference; lastKnownFileType = sourcecode.cpp.cpp; path = test_modules.cpp; sourceTree = "<group>"; };
/* End PBXFileReference section */

/* Begin PBXFrameworksBuildPhase section */
		C555896321A34D7C00FCF676 /* Frameworks */ = {
			isa = PBXFrameworksBuildPhase;
			buildActionMask = 2147483647;
			files = (
			);
			runOnlyForDeploymentPostprocessing = 0;
		};
/* End PBXFrameworksBuildPhase section */

/* Begin PBXGroup section */
		C555895D21A34D7C00FCF676 = {
			isa = PBXGroup;
			children = (
				C5B4765421B325850064F80A /* ModularMadnessTests */,
				C555896821A34D7C00FCF676 /* ModularMadness */,
				C555896721A34D7C00FCF676 /* Products */,
			);
			sourceTree = "<group>";
		};
		C555896721A34D7C00FCF676 /* Products */ = {
			isa = PBXGroup;
			children = (
				C555896621A34D7C00FCF676 /* AbletonTestModularMadness */,
			);
			name = Products;
			sourceTree = "<group>";
		};
		C555896821A34D7C00FCF676 /* ModularMadness */ = {
			isa = PBXGroup;
			children = (
				C555897021A34DF400FCF676 /* Model */,
				C555896921A34D7C00FCF676 /* main.cpp */,
				C5087D9321A871A70023009C /* NetworkController.cpp */,
				C5087D9421A871A70023009C /* NetworkController.hpp */,
			);
			path = ModularMadness;
			sourceTree = "<group>";
		};
		C555897021A34DF400FCF676 /* Model */ = {
			isa = PBXGroup;
			children = (
				C555899521A5ADF000FCF676 /* Module */,
				C555897421A3D1B300FCF676 /* Network.cpp */,
				C555897521A3D1B300FCF676 /* Network.hpp */,
			);
			path = Model;
			sourceTree = "<group>";
		};
		C555899521A5ADF000FCF676 /* Module */ = {
			isa = PBXGroup;
			children = (
				C555899621A5AE0600FCF676 /* BaseModule.cpp */,
				C555899721A5AE0600FCF676 /* BaseModule.hpp */,
				C555899921A5AEBE00FCF676 /* NoopModule.cpp */,
				C555899A21A5AEBE00FCF676 /* NoopModule.hpp */,
				C555899C21A5AECB00FCF676 /* EchoModule.cpp */,
				C555899D21A5AECB00FCF676 /* EchoModule.hpp */,
				C555899F21A5AEEE00FCF676 /* DelayModule.cpp */,
				C55589A021A5AEEE00FCF676 /* DelayModule.hpp */,
				C55589A221A5AF2B00FCF676 /* ReverseModule.cpp */,
				C55589A321A5AF2B00FCF676 /* ReverseModule.hpp */,
				C55589A521A5AF4100FCF676 /* ModuleFactory.cpp */,
				C55589A621A5AF4100FCF676 /* ModuleFactory.hpp */,
			);
			path = Module;
			sourceTree = "<group>";
		};
		C5B4765421B325850064F80A /* ModularMadnessTests */ = {
			isa = PBXGroup;
			children = (
				C5087D9221A5CED50023009C /* catch.hpp */,
				C5B4765521B3268E0064F80A /* test_modules.cpp */,
			);
			path = ModularMadnessTests;
			sourceTree = "<group>";
		};
/* End PBXGroup section */

/* Begin PBXNativeTarget section */
		C555896521A34D7C00FCF676 /* AbletonTestModularMadness */ = {
			isa = PBXNativeTarget;
			buildConfigurationList = C555896D21A34D7C00FCF676 /* Build configuration list for PBXNativeTarget "AbletonTestModularMadness" */;
			buildPhases = (
				C555896221A34D7C00FCF676 /* Sources */,
				C555896321A34D7C00FCF676 /* Frameworks */,
				C555896421A34D7C00FCF676 /* CopyFiles */,
			);
			buildRules = (
			);
			dependencies = (
			);
			name = AbletonTestModularMadness;
			productName = AbletonTestModularMadness;
			productReference = C555896621A34D7C00FCF676 /* AbletonTestModularMadness */;
			productType = "com.apple.product-type.tool";
		};
/* End PBXNativeTarget section */

/* Begin PBXProject section */
		C555895E21A34D7C00FCF676 /* Project object */ = {
			isa = PBXProject;
			attributes = {
				LastUpgradeCheck = 1010;
				ORGANIZATIONNAME = "Sander van Kasteel";
				TargetAttributes = {
					C555896521A34D7C00FCF676 = {
						CreatedOnToolsVersion = 10.1;
					};
				};
			};
			buildConfigurationList = C555896121A34D7C00FCF676 /* Build configuration list for PBXProject "AbletonTestModularMadness" */;
			compatibilityVersion = "Xcode 9.3";
			developmentRegion = en;
			hasScannedForEncodings = 0;
			knownRegions = (
				en,
			);
			mainGroup = C555895D21A34D7C00FCF676;
			productRefGroup = C555896721A34D7C00FCF676 /* Products */;
			projectDirPath = "";
			projectRoot = "";
			targets = (
				C555896521A34D7C00FCF676 /* AbletonTestModularMadness */,
			);
		};
/* End PBXProject section */

/* Begin PBXSourcesBuildPhase section */
		C555896221A34D7C00FCF676 /* Sources */ = {
			isa = PBXSourcesBuildPhase;
			buildActionMask = 2147483647;
			files = (
				C5087D9521A871A70023009C /* NetworkController.cpp in Sources */,
				C55589A721A5AF4100FCF676 /* ModuleFactory.cpp in Sources */,
				C555896A21A34D7C00FCF676 /* main.cpp in Sources */,
				C5B4765621B3268E0064F80A /* test_modules.cpp in Sources */,
				C555899B21A5AEBE00FCF676 /* NoopModule.cpp in Sources */,
				C55589A421A5AF2B00FCF676 /* ReverseModule.cpp in Sources */,
				C555899E21A5AECB00FCF676 /* EchoModule.cpp in Sources */,
				C555899821A5AE0600FCF676 /* BaseModule.cpp in Sources */,
				C555897621A3D1B300FCF676 /* Network.cpp in Sources */,
				C55589A121A5AEEE00FCF676 /* DelayModule.cpp in Sources */,
			);
			runOnlyForDeploymentPostprocessing = 0;
		};
/* End PBXSourcesBuildPhase section */

/* Begin XCBuildConfiguration section */
		C555896B21A34D7C00FCF676 /* Debug */ = {
			isa = XCBuildConfiguration;
			buildSettings = {
				ALWAYS_SEARCH_USER_PATHS = NO;
				CLANG_ANALYZER_NONNULL = YES;
				CLANG_ANALYZER_NUMBER_OBJECT_CONVERSION = YES_AGGRESSIVE;
				CLANG_CXX_LANGUAGE_STANDARD = "c++0x";
				CLANG_CXX_LIBRARY = "libc++";
				CLANG_ENABLE_MODULES = YES;
				CLANG_ENABLE_OBJC_ARC = YES;
				CLANG_ENABLE_OBJC_WEAK = YES;
				CLANG_WARN_BLOCK_CAPTURE_AUTORELEASING = YES;
				CLANG_WARN_BOOL_CONVERSION = YES;
				CLANG_WARN_COMMA = YES;
				CLANG_WARN_CONSTANT_CONVERSION = YES;
				CLANG_WARN_DEPRECATED_OBJC_IMPLEMENTATIONS = YES;
				CLANG_WARN_DIRECT_OBJC_ISA_USAGE = YES_ERROR;
				CLANG_WARN_DOCUMENTATION_COMMENTS = YES;
				CLANG_WARN_EMPTY_BODY = YES;
				CLANG_WARN_ENUM_CONVERSION = YES;
				CLANG_WARN_INFINITE_RECURSION = YES;
				CLANG_WARN_INT_CONVERSION = YES;
				CLANG_WARN_NON_LITERAL_NULL_CONVERSION = YES;
				CLANG_WARN_OBJC_IMPLICIT_RETAIN_SELF = YES;
				CLANG_WARN_OBJC_LITERAL_CONVERSION = YES;
				CLANG_WARN_OBJC_ROOT_CLASS = YES_ERROR;
				CLANG_WARN_RANGE_LOOP_ANALYSIS = YES;
				CLANG_WARN_STRICT_PROTOTYPES = YES;
				CLANG_WARN_SUSPICIOUS_MOVE = YES;
				CLANG_WARN_UNGUARDED_AVAILABILITY = YES_AGGRESSIVE;
				CLANG_WARN_UNREACHABLE_CODE = YES;
				CLANG_WARN__DUPLICATE_METHOD_MATCH = YES;
				CODE_SIGN_IDENTITY = "-";
				COPY_PHASE_STRIP = NO;
				DEBUG_INFORMATION_FORMAT = dwarf;
				ENABLE_STRICT_OBJC_MSGSEND = YES;
				ENABLE_TESTABILITY = YES;
				GCC_C_LANGUAGE_STANDARD = gnu11;
				GCC_DYNAMIC_NO_PIC = NO;
				GCC_NO_COMMON_BLOCKS = YES;
				GCC_OPTIMIZATION_LEVEL = 0;
				GCC_PREPROCESSOR_DEFINITIONS = (
					"DEBUG=1",
					"$(inherited)",
				);
				GCC_WARN_64_TO_32_BIT_CONVERSION = YES;
				GCC_WARN_ABOUT_RETURN_TYPE = YES_ERROR;
				GCC_WARN_UNDECLARED_SELECTOR = YES;
				GCC_WARN_UNINITIALIZED_AUTOS = YES_AGGRESSIVE;
				GCC_WARN_UNUSED_FUNCTION = YES;
				GCC_WARN_UNUSED_VARIABLE = YES;
				MACOSX_DEPLOYMENT_TARGET = 10.14;
				MTL_ENABLE_DEBUG_INFO = INCLUDE_SOURCE;
				MTL_FAST_MATH = YES;
				ONLY_ACTIVE_ARCH = YES;
				SDKROOT = macosx;
			};
			name = Debug;
		};
		C555896C21A34D7C00FCF676 /* Release */ = {
			isa = XCBuildConfiguration;
			buildSettings = {
				ALWAYS_SEARCH_USER_PATHS = NO;
				CLANG_ANALYZER_NONNULL = YES;
				CLANG_ANALYZER_NUMBER_OBJECT_CONVERSION = YES_AGGRESSIVE;
				CLANG_CXX_LANGUAGE_STANDARD = "c++0x";
				CLANG_CXX_LIBRARY = "libc++";
				CLANG_ENABLE_MODULES = YES;
				CLANG_ENABLE_OBJC_ARC = YES;
				CLANG_ENABLE_OBJC_WEAK = YES;
				CLANG_WARN_BLOCK_CAPTURE_AUTORELEASING = YES;
				CLANG_WARN_BOOL_CONVERSION = YES;
				CLANG_WARN_COMMA = YES;
				CLANG_WARN_CONSTANT_CONVERSION = YES;
				CLANG_WARN_DEPRECATED_OBJC_IMPLEMENTATIONS = YES;
				CLANG_WARN_DIRECT_OBJC_ISA_USAGE = YES_ERROR;
				CLANG_WARN_DOCUMENTATION_COMMENTS = YES;
				CLANG_WARN_EMPTY_BODY = YES;
				CLANG_WARN_ENUM_CONVERSION = YES;
				CLANG_WARN_INFINITE_RECURSION = YES;
				CLANG_WARN_INT_CONVERSION = YES;
				CLANG_WARN_NON_LITERAL_NULL_CONVERSION = YES;
				CLANG_WARN_OBJC_IMPLICIT_RETAIN_SELF = YES;
				CLANG_WARN_OBJC_LITERAL_CONVERSION = YES;
				CLANG_WARN_OBJC_ROOT_CLASS = YES_ERROR;
				CLANG_WARN_RANGE_LOOP_ANALYSIS = YES;
				CLANG_WARN_STRICT_PROTOTYPES = YES;
				CLANG_WARN_SUSPICIOUS_MOVE = YES;
				CLANG_WARN_UNGUARDED_AVAILABILITY = YES_AGGRESSIVE;
				CLANG_WARN_UNREACHABLE_CODE = YES;
				CLANG_WARN__DUPLICATE_METHOD_MATCH = YES;
				CODE_SIGN_IDENTITY = "-";
				COPY_PHASE_STRIP = NO;
				DEBUG_INFORMATION_FORMAT = "dwarf-with-dsym";
				ENABLE_NS_ASSERTIONS = NO;
				ENABLE_STRICT_OBJC_MSGSEND = YES;
				GCC_C_LANGUAGE_STANDARD = gnu11;
				GCC_NO_COMMON_BLOCKS = YES;
				GCC_WARN_64_TO_32_BIT_CONVERSION = YES;
				GCC_WARN_ABOUT_RETURN_TYPE = YES_ERROR;
				GCC_WARN_UNDECLARED_SELECTOR = YES;
				GCC_WARN_UNINITIALIZED_AUTOS = YES_AGGRESSIVE;
				GCC_WARN_UNUSED_FUNCTION = YES;
				GCC_WARN_UNUSED_VARIABLE = YES;
				MACOSX_DEPLOYMENT_TARGET = 10.14;
				MTL_ENABLE_DEBUG_INFO = NO;
				MTL_FAST_MATH = YES;
				SDKROOT = macosx;
			};
			name = Release;
		};
		C555896E21A34D7C00FCF676 /* Debug */ = {
			isa = XCBuildConfiguration;
			buildSettings = {
				CODE_SIGN_STYLE = Automatic;
				PRODUCT_NAME = "$(TARGET_NAME)";
			};
			name = Debug;
		};
		C555896F21A34D7C00FCF676 /* Release */ = {
			isa = XCBuildConfiguration;
			buildSettings = {
				CODE_SIGN_STYLE = Automatic;
				PRODUCT_NAME = "$(TARGET_NAME)";
			};
			name = Release;
		};
/* End XCBuildConfiguration section */

/* Begin XCConfigurationList section */
		C555896121A34D7C00FCF676 /* Build configuration list for PBXProject "AbletonTestModularMadness" */ = {
			isa = XCConfigurationList;
			buildConfigurations = (
				C555896B21A34D7C00FCF676 /* Debug */,
				C555896C21A34D7C00FCF676 /* Release */,
			);
			defaultConfigurationIsVisible = 0;
			defaultConfigurationName = Release;
		};
		C555896D21A34D7C00FCF676 /* Build configuration list for PBXNativeTarget "AbletonTestModularMadness" */ = {
			isa = XCConfigurationList;
			buildConfigurations = (
				C555896E21A34D7C00FCF676 /* Debug */,
				C555896F21A34D7C00FCF676 /* Release */,
			);
			defaultConfigurationIsVisible = 0;
			defaultConfigurationName = Release;
		};
/* End XCConfigurationList section */
	};
	rootObject = C555895E21A34D7C00FCF676 /* Project object */;
}
